
Microsoft Visual Studio Solution File, Format Version 12.00
# Visual Studio Version 17
VisualStudioVersion = 17.11.35327.3
MinimumVisualStudioVersion = 10.0.40219.1
Project("{FAE04EC0-301F-11D3-BF4B-00C04F79EFBC}") = "MongoDBProject", "MongoDBProject\MongoDBProject.csproj", "{567FC977-DF29-4AE6-9FA6-9DD55E3C659B}"
EndProject
Global
	GlobalSection(SolutionConfigurationPlatforms) = preSolution
		Debug|Any CPU = Debug|Any CPU
		Release|Any CPU = Release|Any CPU
	EndGlobalSection
	GlobalSection(ProjectConfigurationPlatforms) = postSolution
		{567FC977-DF29-4AE6-9FA6-9DD55E3C659B}.Debug|Any CPU.ActiveCfg = Debug|Any CPU
		{567FC977-DF29-4AE6-9FA6-9DD55E3C659B}.Debug|Any CPU.Build.0 = Debug|Any CPU
		{567FC977-DF29-4AE6-9FA6-9DD55E3C659B}.Release|Any CPU.ActiveCfg = Release|Any CPU
		{567FC977-DF29-4AE6-9FA6-9DD55E3C659B}.Release|Any CPU.Build.0 = Release|Any CPU
	EndGlobalSection
	GlobalSection(SolutionProperties) = preSolution
		HideSolutionNode = FALSE
	EndGlobalSection
	GlobalSection(ExtensibilityGlobals) = postSolution
		SolutionGuid = {AAFBB6A2-2CEC-4D9F-9AAF-5EA40C566933}
	EndGlobalSection
EndGlobal
